Microsoft Visual Studio Solution File, Format Version 12.00
# Visual Studio Version 17
Project("{F184B08F-C81C-45F6-A57F-5ABD9991F28F}") = "SdkBasic", "SdkBasic\SdkBasic.vbproj", "{11111111-2222-3333-4444-555555555555}"
EndProject
Project("{F184B08F-C81C-45F6-A57F-5ABD9991F28F}") = "SdkNoDefault", "SdkNoDefault\SdkNoDefault.vbproj", "{66666666-7777-8888-9999-AAAAAAAAAAAA}"
EndProject
Global
EndGlobal
